
Microsoft Visual Studio Solution File, Format Version 12.00
# Visual Studio Version 17
VisualStudioVersion = 17.14.36518.9 d17.14
MinimumVisualStudioVersion = 10.0.40219.1
Project("{8BC9CEB8-8B4A-11D0-8D11-00A0C91BC942}") = "CMMDC", "CMMDC\CMMDC.vcxproj", "{F8A48D1D-B774-404A-852F-04A6379C727B}"
EndProject
Global
	GlobalSection(SolutionConfigurationPlatforms) = preSolution
		Debug|x64 = Debug|x64
		Debug|x86 = Debug|x86
		Release|x64 = Release|x64
		Release|x86 = Release|x86
	EndGlobalSection
	GlobalSection(ProjectConfigurationPlatforms) = postSolution
		{F8A48D1D-B774-404A-852F-04A6379C727B}.Debug|x64.ActiveCfg = Debug|x64
		{F8A48D1D-B774-404A-852F-04A6379C727B}.Debug|x64.Build.0 = Debug|x64
		{F8A48D1D-B774-404A-852F-04A6379C727B}.Debug|x86.ActiveCfg = Debug|Win32
		{F8A48D1D-B774-404A-852F-04A6379C727B}.Debug|x86.Build.0 = Debug|Win32
		{F8A48D1D-B774-404A-852F-04A6379C727B}.Release|x64.ActiveCfg = Release|x64
		{F8A48D1D-B774-404A-852F-04A6379C727B}.Release|x64.Build.0 = Release|x64
		{F8A48D1D-B774-404A-852F-04A6379C727B}.Release|x86.ActiveCfg = Release|Win32
		{F8A48D1D-B774-404A-852F-04A6379C727B}.Release|x86.Build.0 = Release|Win32
	EndGlobalSection
	GlobalSection(SolutionProperties) = preSolution
		HideSolutionNode = FALSE
	EndGlobalSection
	GlobalSection(ExtensibilityGlobals) = postSolution
		SolutionGuid = {F8B3818E-F03F-48F0-B88F-F569947DCC7A}
	EndGlobalSection
EndGlobal
